
Microsoft Visual Studio Solution File, Format Version 12.00
# Visual Studio Version 17
VisualStudioVersion = 17.0.31903.59
MinimumVisualStudioVersion = 10.0.40219.1
Project("{FAE04EC0-301F-11D3-BF4B-00C04F79EFBC}") = "EntityFrameworkContext", "EntityFrameworkContext\EntityFrameworkContext.csproj", "{B5358D1A-C750-47E0-8619-883EA14DEBAA}"
EndProject
Project("{FAE04EC0-301F-11D3-BF4B-00C04F79EFBC}") = "EntityFrameworkContextTest", "EntityFrameworkContextTest\EntityFrameworkContextTest.csproj", "{79257260-33A9-4DB8-9BFE-740F6378DDEB}"
EndProject
Global
	GlobalSection(SolutionConfigurationPlatforms) = preSolution
		Debug|Any CPU = Debug|Any CPU
		Release|Any CPU = Release|Any CPU
	EndGlobalSection
	GlobalSection(SolutionProperties) = preSolution
		HideSolutionNode = FALSE
	EndGlobalSection
	GlobalSection(ProjectConfigurationPlatforms) = postSolution
		{B5358D1A-C750-47E0-8619-883EA14DEBAA}.Debug|Any CPU.ActiveCfg = Debug|Any CPU
		{B5358D1A-C750-47E0-8619-883EA14DEBAA}.Debug|Any CPU.Build.0 = Debug|Any CPU
		{B5358D1A-C750-47E0-8619-883EA14DEBAA}.Release|Any CPU.ActiveCfg = Release|Any CPU
		{B5358D1A-C750-47E0-8619-883EA14DEBAA}.Release|Any CPU.Build.0 = Release|Any CPU
		{79257260-33A9-4DB8-9BFE-740F6378DDEB}.Debug|Any CPU.ActiveCfg = Debug|Any CPU
		{79257260-33A9-4DB8-9BFE-740F6378DDEB}.Debug|Any CPU.Build.0 = Debug|Any CPU
		{79257260-33A9-4DB8-9BFE-740F6378DDEB}.Release|Any CPU.ActiveCfg = Release|Any CPU
		{79257260-33A9-4DB8-9BFE-740F6378DDEB}.Release|Any CPU.Build.0 = Release|Any CPU
	EndGlobalSection
EndGlobal
